
Microsoft Visual Studio Solution File, Format Version 12.00
# Visual Studio Version 16
VisualStudioVersion = 25.0.1706.0
MinimumVisualStudioVersion = 10.0.40219.1
Project("{FAE04EC0-301F-11D3-BF4B-00C04F79EFBC}") = "PaymentGatewayAdapterDesignPattern", "PaymentGatewayAdapterDesignPattern\PaymentGatewayAdapterDesignPattern.csproj", "{62EB136A-3742-4445-A9C0-742492562E06}"
EndProject
Global
	GlobalSection(SolutionConfigurationPlatforms) = preSolution
		Debug|Any CPU = Debug|Any CPU
		Release|Any CPU = Release|Any CPU
	EndGlobalSection
	GlobalSection(ProjectConfigurationPlatforms) = postSolution
		{62EB136A-3742-4445-A9C0-742492562E06}.Debug|Any CPU.ActiveCfg = Debug|Any CPU
		{62EB136A-3742-4445-A9C0-742492562E06}.Debug|Any CPU.Build.0 = Debug|Any CPU
		{62EB136A-3742-4445-A9C0-742492562E06}.Release|Any CPU.ActiveCfg = Release|Any CPU
		{62EB136A-3742-4445-A9C0-742492562E06}.Release|Any CPU.Build.0 = Release|Any CPU
	EndGlobalSection
	GlobalSection(SolutionProperties) = preSolution
		HideSolutionNode = FALSE
	EndGlobalSection
	GlobalSection(ExtensibilityGlobals) = postSolution
		SolutionGuid = {ED5B4C27-5FE5-4CBC-B068-0A550A8DB35E}
	EndGlobalSection
EndGlobal
